// !$*UTF8*$!
{
	archiveVersion = 1;
	classes = {
	};
	objectVersion = 56;
	objects = {

/* Begin PBXBuildFile section */
		00DB5D56A6ABF6D5C28FAA00 /* Pods_RickAndMorty.framework in Frameworks */ = {isa = PBXBuildFile; fileRef = DF3DE934F503D01C08C6CA39 /* Pods_RickAndMorty.framework */; };
		FDCC90AC2A1A927600482D32 /* AppDelegate.swift in Sources */ = {isa = PBXBuildFile; fileRef = FDCC90AB2A1A927600482D32 /* AppDelegate.swift */; };
		FDCC90AE2A1A927600482D32 /* SceneDelegate.swift in Sources */ = {isa = PBXBuildFile; fileRef = FDCC90AD2A1A927600482D32 /* SceneDelegate.swift */; };
		FDCC90B02A1A927600482D32 /* RMTabBarController.swift in Sources */ = {isa = PBXBuildFile; fileRef = FDCC90AF2A1A927600482D32 /* RMTabBarController.swift */; };
		FDCC90B52A1A927700482D32 /* Assets.xcassets in Resources */ = {isa = PBXBuildFile; fileRef = FDCC90B42A1A927700482D32 /* Assets.xcassets */; };
		FDCC90B82A1A927700482D32 /* LaunchScreen.storyboard in Resources */ = {isa = PBXBuildFile; fileRef = FDCC90B62A1A927700482D32 /* LaunchScreen.storyboard */; };
		FDCC90C72A1AA1D200482D32 /* RMLocation.swift in Sources */ = {isa = PBXBuildFile; fileRef = FDCC90C62A1AA1D200482D32 /* RMLocation.swift */; };
		FDCC90C92A1AA1E900482D32 /* RMCharacter.swift in Sources */ = {isa = PBXBuildFile; fileRef = FDCC90C82A1AA1E900482D32 /* RMCharacter.swift */; };
		FDCC90CB2A1AA1F700482D32 /* RMEpisode.swift in Sources */ = {isa = PBXBuildFile; fileRef = FDCC90CA2A1AA1F700482D32 /* RMEpisode.swift */; };
		FDCC90CE2A1AA2D100482D32 /* RMCharacterViewController.swift in Sources */ = {isa = PBXBuildFile; fileRef = FDCC90CD2A1AA2D100482D32 /* RMCharacterViewController.swift */; };
		FDCC90D02A1AA2F000482D32 /* RMLocationViewController.swift in Sources */ = {isa = PBXBuildFile; fileRef = FDCC90CF2A1AA2F000482D32 /* RMLocationViewController.swift */; };
		FDCC90D22A1AA2FD00482D32 /* RMEpisodeViewController.swift in Sources */ = {isa = PBXBuildFile; fileRef = FDCC90D12A1AA2FD00482D32 /* RMEpisodeViewController.swift */; };
		FDCC90D42A1AA30C00482D32 /* RMSettingsViewController.swift in Sources */ = {isa = PBXBuildFile; fileRef = FDCC90D32A1AA30C00482D32 /* RMSettingsViewController.swift */; };
		FDCC90D62A1F6C7000482D32 /* RMService.swift in Sources */ = {isa = PBXBuildFile; fileRef = FDCC90D52A1F6C7000482D32 /* RMService.swift */; };
		FDCC90D82A1F6C8000482D32 /* RMRequest.swift in Sources */ = {isa = PBXBuildFile; fileRef = FDCC90D72A1F6C8000482D32 /* RMRequest.swift */; };
		FDCC90DA2A1F6D3300482D32 /* RMEndpoint.swift in Sources */ = {isa = PBXBuildFile; fileRef = FDCC90D92A1F6D3300482D32 /* RMEndpoint.swift */; };
/* End PBXBuildFile section */

/* Begin PBXFileReference section */
		7FD8A7AFB5EF8F2E960B3E00 /* Pods-RickAndMorty.debug.xcconfig */ = {isa = PBXFileReference; includeInIndex = 1; lastKnownFileType = text.xcconfig; name = "Pods-RickAndMorty.debug.xcconfig"; path = "Target Support Files/Pods-RickAndMorty/Pods-RickAndMorty.debug.xcconfig"; sourceTree = "<group>"; };
		8AF0DC477CA7B4FDE3E06B1C /* Pods-RickAndMorty.release.xcconfig */ = {isa = PBXFileReference; includeInIndex = 1; lastKnownFileType = text.xcconfig; name = "Pods-RickAndMorty.release.xcconfig"; path = "Target Support Files/Pods-RickAndMorty/Pods-RickAndMorty.release.xcconfig"; sourceTree = "<group>"; };
		DF3DE934F503D01C08C6CA39 /* Pods_RickAndMorty.framework */ = {isa = PBXFileReference; explicitFileType = wrapper.framework; includeInIndex = 0; path = Pods_RickAndMorty.framework; sourceTree = BUILT_PRODUCTS_DIR; };
		FDCC90A82A1A927600482D32 /* RickAndMorty.app */ = {isa = PBXFileReference; explicitFileType = wrapper.application; includeInIndex = 0; path = RickAndMorty.app; sourceTree = BUILT_PRODUCTS_DIR; };
		FDCC90AB2A1A927600482D32 /* AppDelegate.swift */ = {isa = PBXFileReference; lastKnownFileType = sourcecode.swift; path = AppDelegate.swift; sourceTree = "<group>"; };
		FDCC90AD2A1A927600482D32 /* SceneDelegate.swift */ = {isa = PBXFileReference; lastKnownFileType = sourcecode.swift; path = SceneDelegate.swift; sourceTree = "<group>"; };
		FDCC90AF2A1A927600482D32 /* RMTabBarController.swift */ = {isa = PBXFileReference; lastKnownFileType = sourcecode.swift; path = RMTabBarController.swift; sourceTree = "<group>"; };
		FDCC90B42A1A927700482D32 /* Assets.xcassets */ = {isa = PBXFileReference; lastKnownFileType = folder.assetcatalog; path = Assets.xcassets; sourceTree = "<group>"; };
		FDCC90B72A1A927700482D32 /* Base */ = {isa = PBXFileReference; lastKnownFileType = file.storyboard; name = Base; path = Base.lproj/LaunchScreen.storyboard; sourceTree = "<group>"; };
		FDCC90B92A1A927700482D32 /* Info.plist */ = {isa = PBXFileReference; lastKnownFileType = text.plist.xml; path = Info.plist; sourceTree = "<group>"; };
		FDCC90C62A1AA1D200482D32 /* RMLocation.swift */ = {isa = PBXFileReference; lastKnownFileType = sourcecode.swift; path = RMLocation.swift; sourceTree = "<group>"; };
		FDCC90C82A1AA1E900482D32 /* RMCharacter.swift */ = {isa = PBXFileReference; lastKnownFileType = sourcecode.swift; path = RMCharacter.swift; sourceTree = "<group>"; };
		FDCC90CA2A1AA1F700482D32 /* RMEpisode.swift */ = {isa = PBXFileReference; lastKnownFileType = sourcecode.swift; path = RMEpisode.swift; sourceTree = "<group>"; };
		FDCC90CD2A1AA2D100482D32 /* RMCharacterViewController.swift */ = {isa = PBXFileReference; lastKnownFileType = sourcecode.swift; path = RMCharacterViewController.swift; sourceTree = "<group>"; };
		FDCC90CF2A1AA2F000482D32 /* RMLocationViewController.swift */ = {isa = PBXFileReference; lastKnownFileType = sourcecode.swift; path = RMLocationViewController.swift; sourceTree = "<group>"; };
		FDCC90D12A1AA2FD00482D32 /* RMEpisodeViewController.swift */ = {isa = PBXFileReference; lastKnownFileType = sourcecode.swift; path = RMEpisodeViewController.swift; sourceTree = "<group>"; };
		FDCC90D32A1AA30C00482D32 /* RMSettingsViewController.swift */ = {isa = PBXFileReference; lastKnownFileType = sourcecode.swift; path = RMSettingsViewController.swift; sourceTree = "<group>"; };
		FDCC90D52A1F6C7000482D32 /* RMService.swift */ = {isa = PBXFileReference; lastKnownFileType = sourcecode.swift; path = RMService.swift; sourceTree = "<group>"; };
		FDCC90D72A1F6C8000482D32 /* RMRequest.swift */ = {isa = PBXFileReference; lastKnownFileType = sourcecode.swift; path = RMRequest.swift; sourceTree = "<group>"; };
		FDCC90D92A1F6D3300482D32 /* RMEndpoint.swift */ = {isa = PBXFileReference; lastKnownFileType = sourcecode.swift; path = RMEndpoint.swift; sourceTree = "<group>"; };
/* End PBXFileReference section */

/* Begin PBXFrameworksBuildPhase section */
		FDCC90A52A1A927600482D32 /* Frameworks */ = {
			isa = PBXFrameworksBuildPhase;
			buildActionMask = 2147483647;
			files = (
				00DB5D56A6ABF6D5C28FAA00 /* Pods_RickAndMorty.framework in Frameworks */,
			);
			runOnlyForDeploymentPostprocessing = 0;
		};
/* End PBXFrameworksBuildPhase section */

/* Begin PBXGroup section */
		0943A98CC55BF0D4F0F90188 /* Frameworks */ = {
			isa = PBXGroup;
			children = (
				DF3DE934F503D01C08C6CA39 /* Pods_RickAndMorty.framework */,
			);
			name = Frameworks;
			sourceTree = "<group>";
		};
		0CDBCA7A2E1D0E709C45D1D5 /* Pods */ = {
			isa = PBXGroup;
			children = (
				7FD8A7AFB5EF8F2E960B3E00 /* Pods-RickAndMorty.debug.xcconfig */,
				8AF0DC477CA7B4FDE3E06B1C /* Pods-RickAndMorty.release.xcconfig */,
			);
			path = Pods;
			sourceTree = "<group>";
		};
		FDCC909F2A1A927600482D32 = {
			isa = PBXGroup;
			children = (
				FDCC90AA2A1A927600482D32 /* RickAndMorty */,
				FDCC90A92A1A927600482D32 /* Products */,
				0CDBCA7A2E1D0E709C45D1D5 /* Pods */,
				0943A98CC55BF0D4F0F90188 /* Frameworks */,
			);
			sourceTree = "<group>";
		};
		FDCC90A92A1A927600482D32 /* Products */ = {
			isa = PBXGroup;
			children = (
				FDCC90A82A1A927600482D32 /* RickAndMorty.app */,
			);
			name = Products;
			sourceTree = "<group>";
		};
		FDCC90AA2A1A927600482D32 /* RickAndMorty */ = {
			isa = PBXGroup;
			children = (
				FDCC90C52A1AA07800482D32 /* Resources */,
				FDCC90C42A1AA06100482D32 /* Managers */,
				FDCC90C32A1AA04900482D32 /* APIClient */,
				FDCC90C22A1A99F800482D32 /* ViewModels */,
				FDCC90C12A1A99E300482D32 /* Views */,
				FDCC90C02A1A99D700482D32 /* Models */,
				FDCC90BF2A1A99BD00482D32 /* Controllers */,
				FDCC90B92A1A927700482D32 /* Info.plist */,
			);
			path = RickAndMorty;
			sourceTree = "<group>";
		};
		FDCC90BF2A1A99BD00482D32 /* Controllers */ = {
			isa = PBXGroup;
			children = (
				FDCC90CC2A1AA27E00482D32 /* Core */,
			);
			path = Controllers;
			sourceTree = "<group>";
		};
		FDCC90C02A1A99D700482D32 /* Models */ = {
			isa = PBXGroup;
			children = (
				FDCC90C62A1AA1D200482D32 /* RMLocation.swift */,
				FDCC90C82A1AA1E900482D32 /* RMCharacter.swift */,
				FDCC90CA2A1AA1F700482D32 /* RMEpisode.swift */,
			);
			path = Models;
			sourceTree = "<group>";
		};
		FDCC90C12A1A99E300482D32 /* Views */ = {
			isa = PBXGroup;
			children = (
			);
			path = Views;
			sourceTree = "<group>";
		};
		FDCC90C22A1A99F800482D32 /* ViewModels */ = {
			isa = PBXGroup;
			children = (
			);
			path = ViewModels;
			sourceTree = "<group>";
		};
		FDCC90C32A1AA04900482D32 /* APIClient */ = {
			isa = PBXGroup;
			children = (
				FDCC90D52A1F6C7000482D32 /* RMService.swift */,
				FDCC90D72A1F6C8000482D32 /* RMRequest.swift */,
				FDCC90D92A1F6D3300482D32 /* RMEndpoint.swift */,
			);
			path = APIClient;
			sourceTree = "<group>";
		};
		FDCC90C42A1AA06100482D32 /* Managers */ = {
			isa = PBXGroup;
			children = (
			);
			path = Managers;
			sourceTree = "<group>";
		};
		FDCC90C52A1AA07800482D32 /* Resources */ = {
			isa = PBXGroup;
			children = (
				FDCC90B42A1A927700482D32 /* Assets.xcassets */,
				FDCC90B62A1A927700482D32 /* LaunchScreen.storyboard */,
				FDCC90AB2A1A927600482D32 /* AppDelegate.swift */,
				FDCC90AD2A1A927600482D32 /* SceneDelegate.swift */,
			);
			path = Resources;
			sourceTree = "<group>";
		};
		FDCC90CC2A1AA27E00482D32 /* Core */ = {
			isa = PBXGroup;
			children = (
				FDCC90AF2A1A927600482D32 /* RMTabBarController.swift */,
				FDCC90CD2A1AA2D100482D32 /* RMCharacterViewController.swift */,
				FDCC90CF2A1AA2F000482D32 /* RMLocationViewController.swift */,
				FDCC90D12A1AA2FD00482D32 /* RMEpisodeViewController.swift */,
				FDCC90D32A1AA30C00482D32 /* RMSettingsViewController.swift */,
			);
			path = Core;
			sourceTree = "<group>";
		};
/* End PBXGroup section */

/* Begin PBXNativeTarget section */
		FDCC90A72A1A927600482D32 /* RickAndMorty */ = {
			isa = PBXNativeTarget;
			buildConfigurationList = FDCC90BC2A1A927700482D32 /* Build configuration list for PBXNativeTarget "RickAndMorty" */;
			buildPhases = (
				BAF5A1B8667AAE19240360C4 /* [CP] Check Pods Manifest.lock */,
				FDCC90A42A1A927600482D32 /* Sources */,
				FDCC90A52A1A927600482D32 /* Frameworks */,
				FDCC90A62A1A927600482D32 /* Resources */,
			);
			buildRules = (
			);
			dependencies = (
			);
			name = RickAndMorty;
			productName = RickAndMorty;
			productReference = FDCC90A82A1A927600482D32 /* RickAndMorty.app */;
			productType = "com.apple.product-type.application";
		};
/* End PBXNativeTarget section */

/* Begin PBXProject section */
		FDCC90A02A1A927600482D32 /* Project object */ = {
			isa = PBXProject;
			attributes = {
				BuildIndependentTargetsInParallel = 1;
				LastSwiftUpdateCheck = 1430;
				LastUpgradeCheck = 1430;
				TargetAttributes = {
					FDCC90A72A1A927600482D32 = {
						CreatedOnToolsVersion = 14.3;
					};
				};
			};
			buildConfigurationList = FDCC90A32A1A927600482D32 /* Build configuration list for PBXProject "RickAndMorty" */;
			compatibilityVersion = "Xcode 14.0";
			developmentRegion = en;
			hasScannedForEncodings = 0;
			knownRegions = (
				en,
				Base,
			);
			mainGroup = FDCC909F2A1A927600482D32;
			productRefGroup = FDCC90A92A1A927600482D32 /* Products */;
			projectDirPath = "";
			projectRoot = "";
			targets = (
				FDCC90A72A1A927600482D32 /* RickAndMorty */,
			);
		};
/* End PBXProject section */

/* Begin PBXResourcesBuildPhase section */
		FDCC90A62A1A927600482D32 /* Resources */ = {
			isa = PBXResourcesBuildPhase;
			buildActionMask = 2147483647;
			files = (
				FDCC90B82A1A927700482D32 /* LaunchScreen.storyboard in Resources */,
				FDCC90B52A1A927700482D32 /* Assets.xcassets in Resources */,
			);
			runOnlyForDeploymentPostprocessing = 0;
		};
/* End PBXResourcesBuildPhase section */

/* Begin PBXShellScriptBuildPhase section */
		BAF5A1B8667AAE19240360C4 /* [CP] Check Pods Manifest.lock */ = {
			isa = PBXShellScriptBuildPhase;
			buildActionMask = 2147483647;
			files = (
			);
			inputFileListPaths = (
			);
			inputPaths = (
				"${PODS_PODFILE_DIR_PATH}/Podfile.lock",
				"${PODS_ROOT}/Manifest.lock",
			);
			name = "[CP] Check Pods Manifest.lock";
			outputFileListPaths = (
			);
			outputPaths = (
				"$(DERIVED_FILE_DIR)/Pods-RickAndMorty-checkManifestLockResult.txt",
			);
			runOnlyForDeploymentPostprocessing = 0;
			shellPath = /bin/sh;
			shellScript = "diff \"${PODS_PODFILE_DIR_PATH}/Podfile.lock\" \"${PODS_ROOT}/Manifest.lock\" > /dev/null\nif [ $? != 0 ] ; then\n    # print error to STDERR\n    echo \"error: The sandbox is not in sync with the Podfile.lock. Run 'pod install' or update your CocoaPods installation.\" >&2\n    exit 1\nfi\n# This output is used by Xcode 'outputs' to avoid re-running this script phase.\necho \"SUCCESS\" > \"${SCRIPT_OUTPUT_FILE_0}\"\n";
			showEnvVarsInLog = 0;
		};
/* End PBXShellScriptBuildPhase section */

/* Begin PBXSourcesBuildPhase section */
		FDCC90A42A1A927600482D32 /* Sources */ = {
			isa = PBXSourcesBuildPhase;
			buildActionMask = 2147483647;
			files = (
				FDCC90D02A1AA2F000482D32 /* RMLocationViewController.swift in Sources */,
				FDCC90CB2A1AA1F700482D32 /* RMEpisode.swift in Sources */,
				FDCC90B02A1A927600482D32 /* RMTabBarController.swift in Sources */,
				FDCC90D22A1AA2FD00482D32 /* RMEpisodeViewController.swift in Sources */,
				FDCC90AC2A1A927600482D32 /* AppDelegate.swift in Sources */,
				FDCC90AE2A1A927600482D32 /* SceneDelegate.swift in Sources */,
				FDCC90D42A1AA30C00482D32 /* RMSettingsViewController.swift in Sources */,
				FDCC90D62A1F6C7000482D32 /* RMService.swift in Sources */,
				FDCC90C72A1AA1D200482D32 /* RMLocation.swift in Sources */,
				FDCC90DA2A1F6D3300482D32 /* RMEndpoint.swift in Sources */,
				FDCC90C92A1AA1E900482D32 /* RMCharacter.swift in Sources */,
				FDCC90D82A1F6C8000482D32 /* RMRequest.swift in Sources */,
				FDCC90CE2A1AA2D100482D32 /* RMCharacterViewController.swift in Sources */,
			);
			runOnlyForDeploymentPostprocessing = 0;
		};
/* End PBXSourcesBuildPhase section */

/* Begin PBXVariantGroup section */
		FDCC90B62A1A927700482D32 /* LaunchScreen.storyboard */ = {
			isa = PBXVariantGroup;
			children = (
				FDCC90B72A1A927700482D32 /* Base */,
			);
			name = LaunchScreen.storyboard;
			sourceTree = "<group>";
		};
/* End PBXVariantGroup section */

/* Begin XCBuildConfiguration section */
		FDCC90BA2A1A927700482D32 /* Debug */ = {
			isa = XCBuildConfiguration;
			buildSettings = {
				ALWAYS_SEARCH_USER_PATHS = NO;
				CLANG_ANALYZER_NONNULL = YES;
				CLANG_ANALYZER_NUMBER_OBJECT_CONVERSION = YES_AGGRESSIVE;
				CLANG_CXX_LANGUAGE_STANDARD = "gnu++20";
				CLANG_ENABLE_MODULES = YES;
				CLANG_ENABLE_OBJC_ARC = YES;
				CLANG_ENABLE_OBJC_WEAK = YES;
				CLANG_WARN_BLOCK_CAPTURE_AUTORELEASING = YES;
				CLANG_WARN_BOOL_CONVERSION = YES;
				CLANG_WARN_COMMA = YES;
				CLANG_WARN_CONSTANT_CONVERSION = YES;
				CLANG_WARN_DEPRECATED_OBJC_IMPLEMENTATIONS = YES;
				CLANG_WARN_DIRECT_OBJC_ISA_USAGE = YES_ERROR;
				CLANG_WARN_DOCUMENTATION_COMMENTS = YES;
				CLANG_WARN_EMPTY_BODY = YES;
				CLANG_WARN_ENUM_CONVERSION = YES;
				CLANG_WARN_INFINITE_RECURSION = YES;
				CLANG_WARN_INT_CONVERSION = YES;
				CLANG_WARN_NON_LITERAL_NULL_CONVERSION = YES;
				CLANG_WARN_OBJC_IMPLICIT_RETAIN_SELF = YES;
				CLANG_WARN_OBJC_LITERAL_CONVERSION = YES;
				CLANG_WARN_OBJC_ROOT_CLASS = YES_ERROR;
				CLANG_WARN_QUOTED_INCLUDE_IN_FRAMEWORK_HEADER = YES;
				CLANG_WARN_RANGE_LOOP_ANALYSIS = YES;
				CLANG_WARN_STRICT_PROTOTYPES = YES;
				CLANG_WARN_SUSPICIOUS_MOVE = YES;
				CLANG_WARN_UNGUARDED_AVAILABILITY = YES_AGGRESSIVE;
				CLANG_WARN_UNREACHABLE_CODE = YES;
				CLANG_WARN__DUPLICATE_METHOD_MATCH = YES;
				COPY_PHASE_STRIP = NO;
				DEBUG_INFORMATION_FORMAT = dwarf;
				ENABLE_STRICT_OBJC_MSGSEND = YES;
				ENABLE_TESTABILITY = YES;
				GCC_C_LANGUAGE_STANDARD = gnu11;
				GCC_DYNAMIC_NO_PIC = NO;
				GCC_NO_COMMON_BLOCKS = YES;
				GCC_OPTIMIZATION_LEVEL = 0;
				GCC_PREPROCESSOR_DEFINITIONS = (
					"DEBUG=1",
					"$(inherited)",
				);
				GCC_WARN_64_TO_32_BIT_CONVERSION = YES;
				GCC_WARN_ABOUT_RETURN_TYPE = YES_ERROR;
				GCC_WARN_UNDECLARED_SELECTOR = YES;
				GCC_WARN_UNINITIALIZED_AUTOS = YES_AGGRESSIVE;
				GCC_WARN_UNUSED_FUNCTION = YES;
				GCC_WARN_UNUSED_VARIABLE = YES;
				IPHONEOS_DEPLOYMENT_TARGET = 16.4;
				MTL_ENABLE_DEBUG_INFO = INCLUDE_SOURCE;
				MTL_FAST_MATH = YES;
				ONLY_ACTIVE_ARCH = YES;
				SDKROOT = iphoneos;
				SWIFT_ACTIVE_COMPILATION_CONDITIONS = DEBUG;
				SWIFT_OPTIMIZATION_LEVEL = "-Onone";
			};
			name = Debug;
		};
		FDCC90BB2A1A927700482D32 /* Release */ = {
			isa = XCBuildConfiguration;
			buildSettings = {
				ALWAYS_SEARCH_USER_PATHS = NO;
				CLANG_ANALYZER_NONNULL = YES;
				CLANG_ANALYZER_NUMBER_OBJECT_CONVERSION = YES_AGGRESSIVE;
				CLANG_CXX_LANGUAGE_STANDARD = "gnu++20";
				CLANG_ENABLE_MODULES = YES;
				CLANG_ENABLE_OBJC_ARC = YES;
				CLANG_ENABLE_OBJC_WEAK = YES;
				CLANG_WARN_BLOCK_CAPTURE_AUTORELEASING = YES;
				CLANG_WARN_BOOL_CONVERSION = YES;
				CLANG_WARN_COMMA = YES;
				CLANG_WARN_CONSTANT_CONVERSION = YES;
				CLANG_WARN_DEPRECATED_OBJC_IMPLEMENTATIONS = YES;
				CLANG_WARN_DIRECT_OBJC_ISA_USAGE = YES_ERROR;
				CLANG_WARN_DOCUMENTATION_COMMENTS = YES;
				CLANG_WARN_EMPTY_BODY = YES;
				CLANG_WARN_ENUM_CONVERSION = YES;
				CLANG_WARN_INFINITE_RECURSION = YES;
				CLANG_WARN_INT_CONVERSION = YES;
				CLANG_WARN_NON_LITERAL_NULL_CONVERSION = YES;
				CLANG_WARN_OBJC_IMPLICIT_RETAIN_SELF = YES;
				CLANG_WARN_OBJC_LITERAL_CONVERSION = YES;
				CLANG_WARN_OBJC_ROOT_CLASS = YES_ERROR;
				CLANG_WARN_QUOTED_INCLUDE_IN_FRAMEWORK_HEADER = YES;
				CLANG_WARN_RANGE_LOOP_ANALYSIS = YES;
				CLANG_WARN_STRICT_PROTOTYPES = YES;
				CLANG_WARN_SUSPICIOUS_MOVE = YES;
				CLANG_WARN_UNGUARDED_AVAILABILITY = YES_AGGRESSIVE;
				CLANG_WARN_UNREACHABLE_CODE = YES;
				CLANG_WARN__DUPLICATE_METHOD_MATCH = YES;
				COPY_PHASE_STRIP = NO;
				DEBUG_INFORMATION_FORMAT = "dwarf-with-dsym";
				ENABLE_NS_ASSERTIONS = NO;
				ENABLE_STRICT_OBJC_MSGSEND = YES;
				GCC_C_LANGUAGE_STANDARD = gnu11;
				GCC_NO_COMMON_BLOCKS = YES;
				GCC_WARN_64_TO_32_BIT_CONVERSION = YES;
				GCC_WARN_ABOUT_RETURN_TYPE = YES_ERROR;
				GCC_WARN_UNDECLARED_SELECTOR = YES;
				GCC_WARN_UNINITIALIZED_AUTOS = YES_AGGRESSIVE;
				GCC_WARN_UNUSED_FUNCTION = YES;
				GCC_WARN_UNUSED_VARIABLE = YES;
				IPHONEOS_DEPLOYMENT_TARGET = 16.4;
				MTL_ENABLE_DEBUG_INFO = NO;
				MTL_FAST_MATH = YES;
				SDKROOT = iphoneos;
				SWIFT_COMPILATION_MODE = wholemodule;
				SWIFT_OPTIMIZATION_LEVEL = "-O";
				VALIDATE_PRODUCT = YES;
			};
			name = Release;
		};
		FDCC90BD2A1A927700482D32 /* Debug */ = {
			isa = XCBuildConfiguration;
			baseConfigurationReference = 7FD8A7AFB5EF8F2E960B3E00 /* Pods-RickAndMorty.debug.xcconfig */;
			buildSettings = {
				ASSETCATALOG_COMPILER_APPICON_NAME = AppIcon;
				ASSETCATALOG_COMPILER_GLOBAL_ACCENT_COLOR_NAME = AccentColor;
				CODE_SIGN_STYLE = Automatic;
				CURRENT_PROJECT_VERSION = 1;
				DEVELOPMENT_TEAM = 7DQM8J3NWG;
				GENERATE_INFOPLIST_FILE = YES;
				INFOPLIST_FILE = RickAndMorty/Info.plist;
				INFOPLIST_KEY_UIApplicationSupportsIndirectInputEvents = YES;
				INFOPLIST_KEY_UILaunchStoryboardName = LaunchScreen;
				INFOPLIST_KEY_UISupportedInterfaceOrientations_iPad = "UIInterfaceOrientationPortrait UIInterfaceOrientationPortraitUpsideDown UIInterfaceOrientationLandscapeLeft UIInterfaceOrientationLandscapeRight";
				INFOPLIST_KEY_UISupportedInterfaceOrientations_iPhone = "UIInterfaceOrientationPortrait UIInterfaceOrientationLandscapeLeft UIInterfaceOrientationLandscapeRight";
				LD_RUNPATH_SEARCH_PATHS = (
					"$(inherited)",
					"@executable_path/Frameworks",
				);
				MARKETING_VERSION = 1.0;
				PRODUCT_BUNDLE_IDENTIFIER = br.com.rm.filomeno.RickAndMorty;
				PRODUCT_NAME = "$(TARGET_NAME)";
				SWIFT_EMIT_LOC_STRINGS = YES;
				SWIFT_VERSION = 5.0;
				TARGETED_DEVICE_FAMILY = "1,2";
			};
			name = Debug;
		};
		FDCC90BE2A1A927700482D32 /* Release */ = {
			isa = XCBuildConfiguration;
			baseConfigurationReference = 8AF0DC477CA7B4FDE3E06B1C /* Pods-RickAndMorty.release.xcconfig */;
			buildSettings = {
				ASSETCATALOG_COMPILER_APPICON_NAME = AppIcon;
				ASSETCATALOG_COMPILER_GLOBAL_ACCENT_COLOR_NAME = AccentColor;
				CODE_SIGN_STYLE = Automatic;
				CURRENT_PROJECT_VERSION = 1;
				DEVELOPMENT_TEAM = 7DQM8J3NWG;
				GENERATE_INFOPLIST_FILE = YES;
				INFOPLIST_FILE = RickAndMorty/Info.plist;
				INFOPLIST_KEY_UIApplicationSupportsIndirectInputEvents = YES;
				INFOPLIST_KEY_UILaunchStoryboardName = LaunchScreen;
				INFOPLIST_KEY_UISupportedInterfaceOrientations_iPad = "UIInterfaceOrientationPortrait UIInterfaceOrientationPortraitUpsideDown UIInterfaceOrientationLandscapeLeft UIInterfaceOrientationLandscapeRight";
				INFOPLIST_KEY_UISupportedInterfaceOrientations_iPhone = "UIInterfaceOrientationPortrait UIInterfaceOrientationLandscapeLeft UIInterfaceOrientationLandscapeRight";
				LD_RUNPATH_SEARCH_PATHS = (
					"$(inherited)",
					"@executable_path/Frameworks",
				);
				MARKETING_VERSION = 1.0;
				PRODUCT_BUNDLE_IDENTIFIER = br.com.rm.filomeno.RickAndMorty;
				PRODUCT_NAME = "$(TARGET_NAME)";
				SWIFT_EMIT_LOC_STRINGS = YES;
				SWIFT_VERSION = 5.0;
				TARGETED_DEVICE_FAMILY = "1,2";
			};
			name = Release;
		};
/* End XCBuildConfiguration section */

/* Begin XCConfigurationList section */
		FDCC90A32A1A927600482D32 /* Build configuration list for PBXProject "RickAndMorty" */ = {
			isa = XCConfigurationList;
			buildConfigurations = (
				FDCC90BA2A1A927700482D32 /* Debug */,
				FDCC90BB2A1A927700482D32 /* Release */,
			);
			defaultConfigurationIsVisible = 0;
			defaultConfigurationName = Release;
		};
		FDCC90BC2A1A927700482D32 /* Build configuration list for PBXNativeTarget "RickAndMorty" */ = {
			isa = XCConfigurationList;
			buildConfigurations = (
				FDCC90BD2A1A927700482D32 /* Debug */,
				FDCC90BE2A1A927700482D32 /* Release */,
			);
			defaultConfigurationIsVisible = 0;
			defaultConfigurationName = Release;
		};
/* End XCConfigurationList section */
	};
	rootObject = FDCC90A02A1A927600482D32 /* Project object */;
}
